
Microsoft Visual Studio Solution File, Format Version 12.00
# Visual Studio Version 16
VisualStudioVersion = 16.0.30709.132
MinimumVisualStudioVersion = 15.0.26124.0
Project("{9A19103F-16F7-4668-BE54-9A1E7A4F7556}") = "AnotherLib", "src\AnotherLib\AnotherLib.csproj", "{88043927-E62E-48E6-9D5F-06BF3E06906D}"
EndProject
Project("{9A19103F-16F7-4668-BE54-9A1E7A4F7556}") = "NDependRepro", "src\NDependRepro\NDependRepro.csproj", "{27214200-511A-4D9E-8220-1659D19F248B}"
EndProject
Global
	GlobalSection(SolutionConfigurationPlatforms) = preSolution
		Debug|Any CPU = Debug|Any CPU
		Release|Any CPU = Release|Any CPU
	EndGlobalSection
	GlobalSection(ProjectConfigurationPlatforms) = postSolution
		{88043927-E62E-48E6-9D5F-06BF3E06906D}.Debug|Any CPU.ActiveCfg = Debug|Any CPU
		{88043927-E62E-48E6-9D5F-06BF3E06906D}.Debug|Any CPU.Build.0 = Debug|Any CPU
		{88043927-E62E-48E6-9D5F-06BF3E06906D}.Release|Any CPU.ActiveCfg = Release|Any CPU
		{88043927-E62E-48E6-9D5F-06BF3E06906D}.Release|Any CPU.Build.0 = Release|Any CPU
		{27214200-511A-4D9E-8220-1659D19F248B}.Debug|Any CPU.ActiveCfg = Debug|Any CPU
		{27214200-511A-4D9E-8220-1659D19F248B}.Debug|Any CPU.Build.0 = Debug|Any CPU
		{27214200-511A-4D9E-8220-1659D19F248B}.Release|Any CPU.ActiveCfg = Release|Any CPU
		{27214200-511A-4D9E-8220-1659D19F248B}.Release|Any CPU.Build.0 = Release|Any CPU
	EndGlobalSection
	GlobalSection(SolutionProperties) = preSolution
		HideSolutionNode = FALSE
	EndGlobalSection
	GlobalSection(ExtensibilityGlobals) = postSolution
		SolutionGuid = {54BA3B6D-2860-417D-97CA-F089D266355C}
	EndGlobalSection
EndGlobal
